
Microsoft Visual Studio Solution File, Format Version 12.00
# Visual Studio Version 17
VisualStudioVersion = 17.11.35303.130
MinimumVisualStudioVersion = 10.0.40219.1
Project("{FAE04EC0-301F-11D3-BF4B-00C04F79EFBC}") = "BlazorWebAppAuthNET8", "BlazorWebAppAuthNET8.csproj", "{2F17F278-0FC3-4FD3-89A4-518781362243}"
EndProject
Global
	GlobalSection(SolutionConfigurationPlatforms) = preSolution
		Debug|Any CPU = Debug|Any CPU
		Release|Any CPU = Release|Any CPU
	EndGlobalSection
	GlobalSection(ProjectConfigurationPlatforms) = postSolution
		{2F17F278-0FC3-4FD3-89A4-518781362243}.Debug|Any CPU.ActiveCfg = Debug|Any CPU
		{2F17F278-0FC3-4FD3-89A4-518781362243}.Debug|Any CPU.Build.0 = Debug|Any CPU
		{2F17F278-0FC3-4FD3-89A4-518781362243}.Release|Any CPU.ActiveCfg = Release|Any CPU
		{2F17F278-0FC3-4FD3-89A4-518781362243}.Release|Any CPU.Build.0 = Release|Any CPU
	EndGlobalSection
	GlobalSection(SolutionProperties) = preSolution
		HideSolutionNode = FALSE
	EndGlobalSection
	GlobalSection(ExtensibilityGlobals) = postSolution
		SolutionGuid = {3F164509-938C-4B17-A5F2-10AE08845F3F}
	EndGlobalSection
EndGlobal
